
Microsoft Visual Studio Solution File, Format Version 12.00
# Visual Studio Version 17
VisualStudioVersion = 17.14.36511.14 d17.14
MinimumVisualStudioVersion = 10.0.40219.1
Project("{FAE04EC0-301F-11D3-BF4B-00C04F79EFBC}") = "SettingsSample.WinUI", "SettingsSample.WinUI\SettingsSample.WinUI.csproj", "{32D41840-678A-4AD3-9280-808954F86A86}"
EndProject
Project("{FAE04EC0-301F-11D3-BF4B-00C04F79EFBC}") = "SettingsSample.Common", "SettingsSample.Common\SettingsSample.Common.csproj", "{3445DDD7-DC7F-4C2B-9624-6894FDEA2671}"
EndProject
Project("{FAE04EC0-301F-11D3-BF4B-00C04F79EFBC}") = "SettingsSample.ViewModels", "SettingsSample.ViewModels\SettingsSample.ViewModels.csproj", "{9052768D-E297-43B4-8A7E-57C904A00C70}"
EndProject
Global
	GlobalSection(SolutionConfigurationPlatforms) = preSolution
		Debug|ARM64 = Debug|ARM64
		Debug|x64 = Debug|x64
		Debug|x86 = Debug|x86
		Release|ARM64 = Release|ARM64
		Release|x64 = Release|x64
		Release|x86 = Release|x86
	EndGlobalSection
	GlobalSection(ProjectConfigurationPlatforms) = postSolution
		{32D41840-678A-4AD3-9280-808954F86A86}.Debug|ARM64.ActiveCfg = Debug|ARM64
		{32D41840-678A-4AD3-9280-808954F86A86}.Debug|ARM64.Build.0 = Debug|ARM64
		{32D41840-678A-4AD3-9280-808954F86A86}.Debug|ARM64.Deploy.0 = Debug|ARM64
		{32D41840-678A-4AD3-9280-808954F86A86}.Debug|x64.ActiveCfg = Debug|x64
		{32D41840-678A-4AD3-9280-808954F86A86}.Debug|x64.Build.0 = Debug|x64
		{32D41840-678A-4AD3-9280-808954F86A86}.Debug|x64.Deploy.0 = Debug|x64
		{32D41840-678A-4AD3-9280-808954F86A86}.Debug|x86.ActiveCfg = Debug|x86
		{32D41840-678A-4AD3-9280-808954F86A86}.Debug|x86.Build.0 = Debug|x86
		{32D41840-678A-4AD3-9280-808954F86A86}.Debug|x86.Deploy.0 = Debug|x86
		{32D41840-678A-4AD3-9280-808954F86A86}.Release|ARM64.ActiveCfg = Release|ARM64
		{32D41840-678A-4AD3-9280-808954F86A86}.Release|ARM64.Build.0 = Release|ARM64
		{32D41840-678A-4AD3-9280-808954F86A86}.Release|ARM64.Deploy.0 = Release|ARM64
		{32D41840-678A-4AD3-9280-808954F86A86}.Release|x64.ActiveCfg = Release|x64
		{32D41840-678A-4AD3-9280-808954F86A86}.Release|x64.Build.0 = Release|x64
		{32D41840-678A-4AD3-9280-808954F86A86}.Release|x64.Deploy.0 = Release|x64
		{32D41840-678A-4AD3-9280-808954F86A86}.Release|x86.ActiveCfg = Release|x86
		{32D41840-678A-4AD3-9280-808954F86A86}.Release|x86.Build.0 = Release|x86
		{32D41840-678A-4AD3-9280-808954F86A86}.Release|x86.Deploy.0 = Release|x86
		{3445DDD7-DC7F-4C2B-9624-6894FDEA2671}.Debug|ARM64.ActiveCfg = Debug|Any CPU
		{3445DDD7-DC7F-4C2B-9624-6894FDEA2671}.Debug|ARM64.Build.0 = Debug|Any CPU
		{3445DDD7-DC7F-4C2B-9624-6894FDEA2671}.Debug|x64.ActiveCfg = Debug|Any CPU
		{3445DDD7-DC7F-4C2B-9624-6894FDEA2671}.Debug|x64.Build.0 = Debug|Any CPU
		{3445DDD7-DC7F-4C2B-9624-6894FDEA2671}.Debug|x86.ActiveCfg = Debug|Any CPU
		{3445DDD7-DC7F-4C2B-9624-6894FDEA2671}.Debug|x86.Build.0 = Debug|Any CPU
		{3445DDD7-DC7F-4C2B-9624-6894FDEA2671}.Release|ARM64.ActiveCfg = Release|Any CPU
		{3445DDD7-DC7F-4C2B-9624-6894FDEA2671}.Release|ARM64.Build.0 = Release|Any CPU
		{3445DDD7-DC7F-4C2B-9624-6894FDEA2671}.Release|x64.ActiveCfg = Release|Any CPU
		{3445DDD7-DC7F-4C2B-9624-6894FDEA2671}.Release|x64.Build.0 = Release|Any CPU
		{3445DDD7-DC7F-4C2B-9624-6894FDEA2671}.Release|x86.ActiveCfg = Release|Any CPU
		{3445DDD7-DC7F-4C2B-9624-6894FDEA2671}.Release|x86.Build.0 = Release|Any CPU
		{9052768D-E297-43B4-8A7E-57C904A00C70}.Debug|ARM64.ActiveCfg = Debug|Any CPU
		{9052768D-E297-43B4-8A7E-57C904A00C70}.Debug|ARM64.Build.0 = Debug|Any CPU
		{9052768D-E297-43B4-8A7E-57C904A00C70}.Debug|x64.ActiveCfg = Debug|Any CPU
		{9052768D-E297-43B4-8A7E-57C904A00C70}.Debug|x64.Build.0 = Debug|Any CPU
		{9052768D-E297-43B4-8A7E-57C904A00C70}.Debug|x86.ActiveCfg = Debug|Any CPU
		{9052768D-E297-43B4-8A7E-57C904A00C70}.Debug|x86.Build.0 = Debug|Any CPU
		{9052768D-E297-43B4-8A7E-57C904A00C70}.Release|ARM64.ActiveCfg = Release|Any CPU
		{9052768D-E297-43B4-8A7E-57C904A00C70}.Release|ARM64.Build.0 = Release|Any CPU
		{9052768D-E297-43B4-8A7E-57C904A00C70}.Release|x64.ActiveCfg = Release|Any CPU
		{9052768D-E297-43B4-8A7E-57C904A00C70}.Release|x64.Build.0 = Release|Any CPU
		{9052768D-E297-43B4-8A7E-57C904A00C70}.Release|x86.ActiveCfg = Release|Any CPU
		{9052768D-E297-43B4-8A7E-57C904A00C70}.Release|x86.Build.0 = Release|Any CPU
	EndGlobalSection
	GlobalSection(SolutionProperties) = preSolution
		HideSolutionNode = FALSE
	EndGlobalSection
	GlobalSection(ExtensibilityGlobals) = postSolution
		SolutionGuid = {6F42D718-3FBB-4073-B3F8-C6029F1703AC}
	EndGlobalSection
EndGlobal
